
Microsoft Visual Studio Solution File, Format Version 12.00
# Visual Studio Version 16
VisualStudioVersion = 16.0.30804.86
MinimumVisualStudioVersion = 10.0.40219.1
Project("{FAE04EC0-301F-11D3-BF4B-00C04F79EFBC}") = "UP2022Ex", "UP2022Ex\UP2022Ex.csproj", "{EA715409-A4FE-42A6-90B3-7C94185A4403}"
EndProject
Global
	GlobalSection(SolutionConfigurationPlatforms) = preSolution
		Debug|Any CPU = Debug|Any CPU
		Release|Any CPU = Release|Any CPU
	EndGlobalSection
	GlobalSection(ProjectConfigurationPlatforms) = postSolution
		{EA715409-A4FE-42A6-90B3-7C94185A4403}.Debug|Any CPU.ActiveCfg = Debug|Any CPU
		{EA715409-A4FE-42A6-90B3-7C94185A4403}.Debug|Any CPU.Build.0 = Debug|Any CPU
		{EA715409-A4FE-42A6-90B3-7C94185A4403}.Release|Any CPU.ActiveCfg = Release|Any CPU
		{EA715409-A4FE-42A6-90B3-7C94185A4403}.Release|Any CPU.Build.0 = Release|Any CPU
	EndGlobalSection
	GlobalSection(SolutionProperties) = preSolution
		HideSolutionNode = FALSE
	EndGlobalSection
	GlobalSection(ExtensibilityGlobals) = postSolution
		SolutionGuid = {0D02999D-B6C5-4105-A806-0A09532E2835}
	EndGlobalSection
EndGlobal
